
Microsoft Visual Studio Solution File, Format Version 12.00
# Visual Studio Version 16
VisualStudioVersion = 16.0.30804.86
MinimumVisualStudioVersion = 10.0.40219.1
Project("{FAE04EC0-301F-11D3-BF4B-00C04F79EFBC}") = "SPT.eCommerce.Api", "SPT.eCommerce.Api\SPT.eCommerce.Api.csproj", "{5C8A0B97-2787-44AF-8717-8BABEF7280AA}"
EndProject
Project("{FAE04EC0-301F-11D3-BF4B-00C04F79EFBC}") = "SPT.eCommerce.Api.Service", "SPT.eCommerce.Api.Service\SPT.eCommerce.Api.Service.csproj", "{A269BBD6-7E2A-4ED8-949C-18AF71B5EE49}"
EndProject
Project("{FAE04EC0-301F-11D3-BF4B-00C04F79EFBC}") = "SPT.eCommerce.Api.Entity", "SPT.eCommerce.Api.Entity\SPT.eCommerce.Api.Entity.csproj", "{554D7BA5-6D66-4105-8544-7B12F9099F57}"
EndProject
Project("{FAE04EC0-301F-11D3-BF4B-00C04F79EFBC}") = "SPT.eCommerce.Api.DataContract", "SPT.eCommerce.Api.DataContract\SPT.eCommerce.Api.DataContract.csproj", "{A84348EE-70B2-4C1B-A09A-498F3520CA0F}"
EndProject
Project("{FAE04EC0-301F-11D3-BF4B-00C04F79EFBC}") = "SPT.eCommerce.Api.EntityStore", "SPT.eCommerce.Api.EntityStore\SPT.eCommerce.Api.EntityStore.csproj", "{3DCA6A7C-9966-4407-969D-9199C4241119}"
EndProject
Global
	GlobalSection(SolutionConfigurationPlatforms) = preSolution
		Debug|Any CPU = Debug|Any CPU
		Release|Any CPU = Release|Any CPU
	EndGlobalSection
	GlobalSection(ProjectConfigurationPlatforms) = postSolution
		{5C8A0B97-2787-44AF-8717-8BABEF7280AA}.Debug|Any CPU.ActiveCfg = Debug|Any CPU
		{5C8A0B97-2787-44AF-8717-8BABEF7280AA}.Debug|Any CPU.Build.0 = Debug|Any CPU
		{5C8A0B97-2787-44AF-8717-8BABEF7280AA}.Release|Any CPU.ActiveCfg = Release|Any CPU
		{5C8A0B97-2787-44AF-8717-8BABEF7280AA}.Release|Any CPU.Build.0 = Release|Any CPU
		{A269BBD6-7E2A-4ED8-949C-18AF71B5EE49}.Debug|Any CPU.ActiveCfg = Debug|Any CPU
		{A269BBD6-7E2A-4ED8-949C-18AF71B5EE49}.Debug|Any CPU.Build.0 = Debug|Any CPU
		{A269BBD6-7E2A-4ED8-949C-18AF71B5EE49}.Release|Any CPU.ActiveCfg = Release|Any CPU
		{A269BBD6-7E2A-4ED8-949C-18AF71B5EE49}.Release|Any CPU.Build.0 = Release|Any CPU
		{554D7BA5-6D66-4105-8544-7B12F9099F57}.Debug|Any CPU.ActiveCfg = Debug|Any CPU
		{554D7BA5-6D66-4105-8544-7B12F9099F57}.Debug|Any CPU.Build.0 = Debug|Any CPU
		{554D7BA5-6D66-4105-8544-7B12F9099F57}.Release|Any CPU.ActiveCfg = Release|Any CPU
		{554D7BA5-6D66-4105-8544-7B12F9099F57}.Release|Any CPU.Build.0 = Release|Any CPU
		{A84348EE-70B2-4C1B-A09A-498F3520CA0F}.Debug|Any CPU.ActiveCfg = Debug|Any CPU
		{A84348EE-70B2-4C1B-A09A-498F3520CA0F}.Debug|Any CPU.Build.0 = Debug|Any CPU
		{A84348EE-70B2-4C1B-A09A-498F3520CA0F}.Release|Any CPU.ActiveCfg = Release|Any CPU
		{A84348EE-70B2-4C1B-A09A-498F3520CA0F}.Release|Any CPU.Build.0 = Release|Any CPU
		{3DCA6A7C-9966-4407-969D-9199C4241119}.Debug|Any CPU.ActiveCfg = Debug|Any CPU
		{3DCA6A7C-9966-4407-969D-9199C4241119}.Debug|Any CPU.Build.0 = Debug|Any CPU
		{3DCA6A7C-9966-4407-969D-9199C4241119}.Release|Any CPU.ActiveCfg = Release|Any CPU
		{3DCA6A7C-9966-4407-969D-9199C4241119}.Release|Any CPU.Build.0 = Release|Any CPU
	EndGlobalSection
	GlobalSection(SolutionProperties) = preSolution
		HideSolutionNode = FALSE
	EndGlobalSection
	GlobalSection(ExtensibilityGlobals) = postSolution
		SolutionGuid = {6210AE8E-81EC-4ADC-8E2B-D371BA0DDE12}
	EndGlobalSection
EndGlobal
